// !$*UTF8*$!
{
	archiveVersion = 1;
	classes = {
	};
	objectVersion = 50;
	objects = {

/* Begin PBXBuildFile section */
		5B8FF2FB234B7ABD003ADFC5 /* AppDelegate.swift in Sources */ = {isa = PBXBuildFile; fileRef = 5B8FF2FA234B7ABD003ADFC5 /* AppDelegate.swift */; };
		5B8FF2FD234B7ABD003ADFC5 /* ViewController.swift in Sources */ = {isa = PBXBuildFile; fileRef = 5B8FF2FC234B7ABD003ADFC5 /* ViewController.swift */; };
		5B8FF2FF234B7ABF003ADFC5 /* Assets.xcassets in Resources */ = {isa = PBXBuildFile; fileRef = 5B8FF2FE234B7ABF003ADFC5 /* Assets.xcassets */; };
		5B8FF302234B7ABF003ADFC5 /* Main.storyboard in Resources */ = {isa = PBXBuildFile; fileRef = 5B8FF300234B7ABF003ADFC5 /* Main.storyboard */; };
		5B8FF30E234B7ABF003ADFC5 /* macos_window_managerTests.swift in Sources */ = {isa = PBXBuildFile; fileRef = 5B8FF30D234B7ABF003ADFC5 /* macos_window_managerTests.swift */; };
		5B8FF319234B7ABF003ADFC5 /* macos_window_managerUITests.swift in Sources */ = {isa = PBXBuildFile; fileRef = 5B8FF318234B7ABF003ADFC5 /* macos_window_managerUITests.swift */; };
/* End PBXBuildFile section */

/* Begin PBXContainerItemProxy section */
		5B8FF30A234B7ABF003ADFC5 /* PBXContainerItemProxy */ = {
			isa = PBXContainerItemProxy;
			containerPortal = 5B8FF2EF234B7ABD003ADFC5 /* Project object */;
			proxyType = 1;
			remoteGlobalIDString = 5B8FF2F6234B7ABD003ADFC5;
			remoteInfo = "macos-window-manager";
		};
		5B8FF315234B7ABF003ADFC5 /* PBXContainerItemProxy */ = {
			isa = PBXContainerItemProxy;
			containerPortal = 5B8FF2EF234B7ABD003ADFC5 /* Project object */;
			proxyType = 1;
			remoteGlobalIDString = 5B8FF2F6234B7ABD003ADFC5;
			remoteInfo = "macos-window-manager";
		};
/* End PBXContainerItemProxy section */

/* Begin PBXFileReference section */
		5B8FF2F7234B7ABD003ADFC5 /* macos-window-manager.app */ = {isa = PBXFileReference; explicitFileType = wrapper.application; includeInIndex = 0; path = "macos-window-manager.app"; sourceTree = BUILT_PRODUCTS_DIR; };
		5B8FF2FA234B7ABD003ADFC5 /* AppDelegate.swift */ = {isa = PBXFileReference; lastKnownFileType = sourcecode.swift; path = AppDelegate.swift; sourceTree = "<group>"; };
		5B8FF2FC234B7ABD003ADFC5 /* ViewController.swift */ = {isa = PBXFileReference; lastKnownFileType = sourcecode.swift; path = ViewController.swift; sourceTree = "<group>"; };
		5B8FF2FE234B7ABF003ADFC5 /* Assets.xcassets */ = {isa = PBXFileReference; lastKnownFileType = folder.assetcatalog; path = Assets.xcassets; sourceTree = "<group>"; };
		5B8FF301234B7ABF003ADFC5 /* Base */ = {isa = PBXFileReference; lastKnownFileType = file.storyboard; name = Base; path = Base.lproj/Main.storyboard; sourceTree = "<group>"; };
		5B8FF303234B7ABF003ADFC5 /* Info.plist */ = {isa = PBXFileReference; lastKnownFileType = text.plist.xml; path = Info.plist; sourceTree = "<group>"; };
		5B8FF304234B7ABF003ADFC5 /* macos_window_manager.entitlements */ = {isa = PBXFileReference; lastKnownFileType = text.plist.entitlements; path = macos_window_manager.entitlements; sourceTree = "<group>"; };
		5B8FF309234B7ABF003ADFC5 /* macos-window-managerTests.xctest */ = {isa = PBXFileReference; explicitFileType = wrapper.cfbundle; includeInIndex = 0; path = "macos-window-managerTests.xctest"; sourceTree = BUILT_PRODUCTS_DIR; };
		5B8FF30D234B7ABF003ADFC5 /* macos_window_managerTests.swift */ = {isa = PBXFileReference; lastKnownFileType = sourcecode.swift; path = macos_window_managerTests.swift; sourceTree = "<group>"; };
		5B8FF30F234B7ABF003ADFC5 /* Info.plist */ = {isa = PBXFileReference; lastKnownFileType = text.plist.xml; path = Info.plist; sourceTree = "<group>"; };
		5B8FF314234B7ABF003ADFC5 /* macos-window-managerUITests.xctest */ = {isa = PBXFileReference; explicitFileType = wrapper.cfbundle; includeInIndex = 0; path = "macos-window-managerUITests.xctest"; sourceTree = BUILT_PRODUCTS_DIR; };
		5B8FF318234B7ABF003ADFC5 /* macos_window_managerUITests.swift */ = {isa = PBXFileReference; lastKnownFileType = sourcecode.swift; path = macos_window_managerUITests.swift; sourceTree = "<group>"; };
		5B8FF31A234B7ABF003ADFC5 /* Info.plist */ = {isa = PBXFileReference; lastKnownFileType = text.plist.xml; path = Info.plist; sourceTree = "<group>"; };
/* End PBXFileReference section */

/* Begin PBXFrameworksBuildPhase section */
		5B8FF2F4234B7ABD003ADFC5 /* Frameworks */ = {
			isa = PBXFrameworksBuildPhase;
			buildActionMask = 2147483647;
			files = (
			);
			runOnlyForDeploymentPostprocessing = 0;
		};
		5B8FF306234B7ABF003ADFC5 /* Frameworks */ = {
			isa = PBXFrameworksBuildPhase;
			buildActionMask = 2147483647;
			files = (
			);
			runOnlyForDeploymentPostprocessing = 0;
		};
		5B8FF311234B7ABF003ADFC5 /* Frameworks */ = {
			isa = PBXFrameworksBuildPhase;
			buildActionMask = 2147483647;
			files = (
			);
			runOnlyForDeploymentPostprocessing = 0;
		};
/* End PBXFrameworksBuildPhase section */

/* Begin PBXGroup section */
		5B8FF2EE234B7ABD003ADFC5 = {
			isa = PBXGroup;
			children = (
				5B8FF2F9234B7ABD003ADFC5 /* macos-window-manager */,
				5B8FF30C234B7ABF003ADFC5 /* macos-window-managerTests */,
				5B8FF317234B7ABF003ADFC5 /* macos-window-managerUITests */,
				5B8FF2F8234B7ABD003ADFC5 /* Products */,
			);
			sourceTree = "<group>";
		};
		5B8FF2F8234B7ABD003ADFC5 /* Products */ = {
			isa = PBXGroup;
			children = (
				5B8FF2F7234B7ABD003ADFC5 /* macos-window-manager.app */,
				5B8FF309234B7ABF003ADFC5 /* macos-window-managerTests.xctest */,
				5B8FF314234B7ABF003ADFC5 /* macos-window-managerUITests.xctest */,
			);
			name = Products;
			sourceTree = "<group>";
		};
		5B8FF2F9234B7ABD003ADFC5 /* macos-window-manager */ = {
			isa = PBXGroup;
			children = (
				5B8FF2FA234B7ABD003ADFC5 /* AppDelegate.swift */,
				5B8FF2FC234B7ABD003ADFC5 /* ViewController.swift */,
				5B8FF2FE234B7ABF003ADFC5 /* Assets.xcassets */,
				5B8FF300234B7ABF003ADFC5 /* Main.storyboard */,
				5B8FF303234B7ABF003ADFC5 /* Info.plist */,
				5B8FF304234B7ABF003ADFC5 /* macos_window_manager.entitlements */,
			);
			path = "macos-window-manager";
			sourceTree = "<group>";
		};
		5B8FF30C234B7ABF003ADFC5 /* macos-window-managerTests */ = {
			isa = PBXGroup;
			children = (
				5B8FF30D234B7ABF003ADFC5 /* macos_window_managerTests.swift */,
				5B8FF30F234B7ABF003ADFC5 /* Info.plist */,
			);
			path = "macos-window-managerTests";
			sourceTree = "<group>";
		};
		5B8FF317234B7ABF003ADFC5 /* macos-window-managerUITests */ = {
			isa = PBXGroup;
			children = (
				5B8FF318234B7ABF003ADFC5 /* macos_window_managerUITests.swift */,
				5B8FF31A234B7ABF003ADFC5 /* Info.plist */,
			);
			path = "macos-window-managerUITests";
			sourceTree = "<group>";
		};
/* End PBXGroup section */

/* Begin PBXNativeTarget section */
		5B8FF2F6234B7ABD003ADFC5 /* macos-window-manager */ = {
			isa = PBXNativeTarget;
			buildConfigurationList = 5B8FF31D234B7ABF003ADFC5 /* Build configuration list for PBXNativeTarget "macos-window-manager" */;
			buildPhases = (
				5B8FF2F3234B7ABD003ADFC5 /* Sources */,
				5B8FF2F4234B7ABD003ADFC5 /* Frameworks */,
				5B8FF2F5234B7ABD003ADFC5 /* Resources */,
			);
			buildRules = (
			);
			dependencies = (
			);
			name = "macos-window-manager";
			productName = "macos-window-manager";
			productReference = 5B8FF2F7234B7ABD003ADFC5 /* macos-window-manager.app */;
			productType = "com.apple.product-type.application";
		};
		5B8FF308234B7ABF003ADFC5 /* macos-window-managerTests */ = {
			isa = PBXNativeTarget;
			buildConfigurationList = 5B8FF320234B7ABF003ADFC5 /* Build configuration list for PBXNativeTarget "macos-window-managerTests" */;
			buildPhases = (
				5B8FF305234B7ABF003ADFC5 /* Sources */,
				5B8FF306234B7ABF003ADFC5 /* Frameworks */,
				5B8FF307234B7ABF003ADFC5 /* Resources */,
			);
			buildRules = (
			);
			dependencies = (
				5B8FF30B234B7ABF003ADFC5 /* PBXTargetDependency */,
			);
			name = "macos-window-managerTests";
			productName = "macos-window-managerTests";
			productReference = 5B8FF309234B7ABF003ADFC5 /* macos-window-managerTests.xctest */;
			productType = "com.apple.product-type.bundle.unit-test";
		};
		5B8FF313234B7ABF003ADFC5 /* macos-window-managerUITests */ = {
			isa = PBXNativeTarget;
			buildConfigurationList = 5B8FF323234B7ABF003ADFC5 /* Build configuration list for PBXNativeTarget "macos-window-managerUITests" */;
			buildPhases = (
				5B8FF310234B7ABF003ADFC5 /* Sources */,
				5B8FF311234B7ABF003ADFC5 /* Frameworks */,
				5B8FF312234B7ABF003ADFC5 /* Resources */,
			);
			buildRules = (
			);
			dependencies = (
				5B8FF316234B7ABF003ADFC5 /* PBXTargetDependency */,
			);
			name = "macos-window-managerUITests";
			productName = "macos-window-managerUITests";
			productReference = 5B8FF314234B7ABF003ADFC5 /* macos-window-managerUITests.xctest */;
			productType = "com.apple.product-type.bundle.ui-testing";
		};
/* End PBXNativeTarget section */

/* Begin PBXProject section */
		5B8FF2EF234B7ABD003ADFC5 /* Project object */ = {
			isa = PBXProject;
			attributes = {
				LastSwiftUpdateCheck = 1100;
				LastUpgradeCheck = 1100;
				ORGANIZATIONNAME = "Tamas Sule";
				TargetAttributes = {
					5B8FF2F6234B7ABD003ADFC5 = {
						CreatedOnToolsVersion = 11.0;
					};
					5B8FF308234B7ABF003ADFC5 = {
						CreatedOnToolsVersion = 11.0;
						TestTargetID = 5B8FF2F6234B7ABD003ADFC5;
					};
					5B8FF313234B7ABF003ADFC5 = {
						CreatedOnToolsVersion = 11.0;
						TestTargetID = 5B8FF2F6234B7ABD003ADFC5;
					};
				};
			};
			buildConfigurationList = 5B8FF2F2234B7ABD003ADFC5 /* Build configuration list for PBXProject "macos-window-manager" */;
			compatibilityVersion = "Xcode 9.3";
			developmentRegion = en;
			hasScannedForEncodings = 0;
			knownRegions = (
				en,
				Base,
			);
			mainGroup = 5B8FF2EE234B7ABD003ADFC5;
			productRefGroup = 5B8FF2F8234B7ABD003ADFC5 /* Products */;
			projectDirPath = "";
			projectRoot = "";
			targets = (
				5B8FF2F6234B7ABD003ADFC5 /* macos-window-manager */,
				5B8FF308234B7ABF003ADFC5 /* macos-window-managerTests */,
				5B8FF313234B7ABF003ADFC5 /* macos-window-managerUITests */,
			);
		};
/* End PBXProject section */

/* Begin PBXResourcesBuildPhase section */
		5B8FF2F5234B7ABD003ADFC5 /* Resources */ = {
			isa = PBXResourcesBuildPhase;
			buildActionMask = 2147483647;
			files = (
				5B8FF2FF234B7ABF003ADFC5 /* Assets.xcassets in Resources */,
				5B8FF302234B7ABF003ADFC5 /* Main.storyboard in Resources */,
			);
			runOnlyForDeploymentPostprocessing = 0;
		};
		5B8FF307234B7ABF003ADFC5 /* Resources */ = {
			isa = PBXResourcesBuildPhase;
			buildActionMask = 2147483647;
			files = (
			);
			runOnlyForDeploymentPostprocessing = 0;
		};
		5B8FF312234B7ABF003ADFC5 /* Resources */ = {
			isa = PBXResourcesBuildPhase;
			buildActionMask = 2147483647;
			files = (
			);
			runOnlyForDeploymentPostprocessing = 0;
		};
/* End PBXResourcesBuildPhase section */

/* Begin PBXSourcesBuildPhase section */
		5B8FF2F3234B7ABD003ADFC5 /* Sources */ = {
			isa = PBXSourcesBuildPhase;
			buildActionMask = 2147483647;
			files = (
				5B8FF2FD234B7ABD003ADFC5 /* ViewController.swift in Sources */,
				5B8FF2FB234B7ABD003ADFC5 /* AppDelegate.swift in Sources */,
			);
			runOnlyForDeploymentPostprocessing = 0;
		};
		5B8FF305234B7ABF003ADFC5 /* Sources */ = {
			isa = PBXSourcesBuildPhase;
			buildActionMask = 2147483647;
			files = (
				5B8FF30E234B7ABF003ADFC5 /* macos_window_managerTests.swift in Sources */,
			);
			runOnlyForDeploymentPostprocessing = 0;
		};
		5B8FF310234B7ABF003ADFC5 /* Sources */ = {
			isa = PBXSourcesBuildPhase;
			buildActionMask = 2147483647;
			files = (
				5B8FF319234B7ABF003ADFC5 /* macos_window_managerUITests.swift in Sources */,
			);
			runOnlyForDeploymentPostprocessing = 0;
		};
/* End PBXSourcesBuildPhase section */

/* Begin PBXTargetDependency section */
		5B8FF30B234B7ABF003ADFC5 /* PBXTargetDependency */ = {
			isa = PBXTargetDependency;
			target = 5B8FF2F6234B7ABD003ADFC5 /* macos-window-manager */;
			targetProxy = 5B8FF30A234B7ABF003ADFC5 /* PBXContainerItemProxy */;
		};
		5B8FF316234B7ABF003ADFC5 /* PBXTargetDependency */ = {
			isa = PBXTargetDependency;
			target = 5B8FF2F6234B7ABD003ADFC5 /* macos-window-manager */;
			targetProxy = 5B8FF315234B7ABF003ADFC5 /* PBXContainerItemProxy */;
		};
/* End PBXTargetDependency section */

/* Begin PBXVariantGroup section */
		5B8FF300234B7ABF003ADFC5 /* Main.storyboard */ = {
			isa = PBXVariantGroup;
			children = (
				5B8FF301234B7ABF003ADFC5 /* Base */,
			);
			name = Main.storyboard;
			sourceTree = "<group>";
		};
/* End PBXVariantGroup section */

/* Begin XCBuildConfiguration section */
		5B8FF31B234B7ABF003ADFC5 /* Debug */ = {
			isa = XCBuildConfiguration;
			buildSettings = {
				ALWAYS_SEARCH_USER_PATHS = NO;
				CLANG_ANALYZER_NONNULL = YES;
				CLANG_ANALYZER_NUMBER_OBJECT_CONVERSION = YES_AGGRESSIVE;
				CLANG_CXX_LANGUAGE_STANDARD = "gnu++14";
				CLANG_CXX_LIBRARY = "libc++";
				CLANG_ENABLE_MODULES = YES;
				CLANG_ENABLE_OBJC_ARC = YES;
				CLANG_ENABLE_OBJC_WEAK = YES;
				CLANG_WARN_BLOCK_CAPTURE_AUTORELEASING = YES;
				CLANG_WARN_BOOL_CONVERSION = YES;
				CLANG_WARN_COMMA = YES;
				CLANG_WARN_CONSTANT_CONVERSION = YES;
				CLANG_WARN_DEPRECATED_OBJC_IMPLEMENTATIONS = YES;
				CLANG_WARN_DIRECT_OBJC_ISA_USAGE = YES_ERROR;
				CLANG_WARN_DOCUMENTATION_COMMENTS = YES;
				CLANG_WARN_EMPTY_BODY = YES;
				CLANG_WARN_ENUM_CONVERSION = YES;
				CLANG_WARN_INFINITE_RECURSION = YES;
				CLANG_WARN_INT_CONVERSION = YES;
				CLANG_WARN_NON_LITERAL_NULL_CONVERSION = YES;
				CLANG_WARN_OBJC_IMPLICIT_RETAIN_SELF = YES;
				CLANG_WARN_OBJC_LITERAL_CONVERSION = YES;
				CLANG_WARN_OBJC_ROOT_CLASS = YES_ERROR;
				CLANG_WARN_RANGE_LOOP_ANALYSIS = YES;
				CLANG_WARN_STRICT_PROTOTYPES = YES;
				CLANG_WARN_SUSPICIOUS_MOVE = YES;
				CLANG_WARN_UNGUARDED_AVAILABILITY = YES_AGGRESSIVE;
				CLANG_WARN_UNREACHABLE_CODE = YES;
				CLANG_WARN__DUPLICATE_METHOD_MATCH = YES;
				COPY_PHASE_STRIP = NO;
				DEBUG_INFORMATION_FORMAT = dwarf;
				ENABLE_STRICT_OBJC_MSGSEND = YES;
				ENABLE_TESTABILITY = YES;
				GCC_C_LANGUAGE_STANDARD = gnu11;
				GCC_DYNAMIC_NO_PIC = NO;
				GCC_NO_COMMON_BLOCKS = YES;
				GCC_OPTIMIZATION_LEVEL = 0;
				GCC_PREPROCESSOR_DEFINITIONS = (
					"DEBUG=1",
					"$(inherited)",
				);
				GCC_WARN_64_TO_32_BIT_CONVERSION = YES;
				GCC_WARN_ABOUT_RETURN_TYPE = YES_ERROR;
				GCC_WARN_UNDECLARED_SELECTOR = YES;
				GCC_WARN_UNINITIALIZED_AUTOS = YES_AGGRESSIVE;
				GCC_WARN_UNUSED_FUNCTION = YES;
				GCC_WARN_UNUSED_VARIABLE = YES;
				MACOSX_DEPLOYMENT_TARGET = 10.15;
				MTL_ENABLE_DEBUG_INFO = INCLUDE_SOURCE;
				MTL_FAST_MATH = YES;
				ONLY_ACTIVE_ARCH = YES;
				SDKROOT = macosx;
				SWIFT_ACTIVE_COMPILATION_CONDITIONS = DEBUG;
				SWIFT_OPTIMIZATION_LEVEL = "-Onone";
			};
			name = Debug;
		};
		5B8FF31C234B7ABF003ADFC5 /* Release */ = {
			isa = XCBuildConfiguration;
			buildSettings = {
				ALWAYS_SEARCH_USER_PATHS = NO;
				CLANG_ANALYZER_NONNULL = YES;
				CLANG_ANALYZER_NUMBER_OBJECT_CONVERSION = YES_AGGRESSIVE;
				CLANG_CXX_LANGUAGE_STANDARD = "gnu++14";
				CLANG_CXX_LIBRARY = "libc++";
				CLANG_ENABLE_MODULES = YES;
				CLANG_ENABLE_OBJC_ARC = YES;
				CLANG_ENABLE_OBJC_WEAK = YES;
				CLANG_WARN_BLOCK_CAPTURE_AUTORELEASING = YES;
				CLANG_WARN_BOOL_CONVERSION = YES;
				CLANG_WARN_COMMA = YES;
				CLANG_WARN_CONSTANT_CONVERSION = YES;
				CLANG_WARN_DEPRECATED_OBJC_IMPLEMENTATIONS = YES;
				CLANG_WARN_DIRECT_OBJC_ISA_USAGE = YES_ERROR;
				CLANG_WARN_DOCUMENTATION_COMMENTS = YES;
				CLANG_WARN_EMPTY_BODY = YES;
				CLANG_WARN_ENUM_CONVERSION = YES;
				CLANG_WARN_INFINITE_RECURSION = YES;
				CLANG_WARN_INT_CONVERSION = YES;
				CLANG_WARN_NON_LITERAL_NULL_CONVERSION = YES;
				CLANG_WARN_OBJC_IMPLICIT_RETAIN_SELF = YES;
				CLANG_WARN_OBJC_LITERAL_CONVERSION = YES;
				CLANG_WARN_OBJC_ROOT_CLASS = YES_ERROR;
				CLANG_WARN_RANGE_LOOP_ANALYSIS = YES;
				CLANG_WARN_STRICT_PROTOTYPES = YES;
				CLANG_WARN_SUSPICIOUS_MOVE = YES;
				CLANG_WARN_UNGUARDED_AVAILABILITY = YES_AGGRESSIVE;
				CLANG_WARN_UNREACHABLE_CODE = YES;
				CLANG_WARN__DUPLICATE_METHOD_MATCH = YES;
				COPY_PHASE_STRIP = NO;
				DEBUG_INFORMATION_FORMAT = "dwarf-with-dsym";
				ENABLE_NS_ASSERTIONS = NO;
				ENABLE_STRICT_OBJC_MSGSEND = YES;
				GCC_C_LANGUAGE_STANDARD = gnu11;
				GCC_NO_COMMON_BLOCKS = YES;
				GCC_WARN_64_TO_32_BIT_CONVERSION = YES;
				GCC_WARN_ABOUT_RETURN_TYPE = YES_ERROR;
				GCC_WARN_UNDECLARED_SELECTOR = YES;
				GCC_WARN_UNINITIALIZED_AUTOS = YES_AGGRESSIVE;
				GCC_WARN_UNUSED_FUNCTION = YES;
				GCC_WARN_UNUSED_VARIABLE = YES;
				MACOSX_DEPLOYMENT_TARGET = 10.15;
				MTL_ENABLE_DEBUG_INFO = NO;
				MTL_FAST_MATH = YES;
				SDKROOT = macosx;
				SWIFT_COMPILATION_MODE = wholemodule;
				SWIFT_OPTIMIZATION_LEVEL = "-O";
			};
			name = Release;
		};
		5B8FF31E234B7ABF003ADFC5 /* Debug */ = {
			isa = XCBuildConfiguration;
			buildSettings = {
				ASSETCATALOG_COMPILER_APPICON_NAME = AppIcon;
				CODE_SIGN_ENTITLEMENTS = "macos-window-manager/macos_window_manager.entitlements";
				CODE_SIGN_STYLE = Automatic;
				COMBINE_HIDPI_IMAGES = YES;
				INFOPLIST_FILE = "macos-window-manager/Info.plist";
				LD_RUNPATH_SEARCH_PATHS = (
					"$(inherited)",
					"@executable_path/../Frameworks",
				);
				MARKETING_VERSION = 0.0.1;
				PRODUCT_BUNDLE_IDENTIFIER = "zone.nanodanger.macos-window-manager";
				PRODUCT_NAME = "$(TARGET_NAME)";
				SWIFT_VERSION = 5.0;
			};
			name = Debug;
		};
		5B8FF31F234B7ABF003ADFC5 /* Release */ = {
			isa = XCBuildConfiguration;
			buildSettings = {
				ASSETCATALOG_COMPILER_APPICON_NAME = AppIcon;
				CODE_SIGN_ENTITLEMENTS = "macos-window-manager/macos_window_manager.entitlements";
				CODE_SIGN_STYLE = Automatic;
				COMBINE_HIDPI_IMAGES = YES;
				INFOPLIST_FILE = "macos-window-manager/Info.plist";
				LD_RUNPATH_SEARCH_PATHS = (
					"$(inherited)",
					"@executable_path/../Frameworks",
				);
				MARKETING_VERSION = 0.0.1;
				PRODUCT_BUNDLE_IDENTIFIER = "zone.nanodanger.macos-window-manager";
				PRODUCT_NAME = "$(TARGET_NAME)";
				SWIFT_VERSION = 5.0;
			};
			name = Release;
		};
		5B8FF321234B7ABF003ADFC5 /* Debug */ = {
			isa = XCBuildConfiguration;
			buildSettings = {
				ALWAYS_EMBED_SWIFT_STANDARD_LIBRARIES = YES;
				BUNDLE_LOADER = "$(TEST_HOST)";
				CODE_SIGN_STYLE = Automatic;
				COMBINE_HIDPI_IMAGES = YES;
				INFOPLIST_FILE = "macos-window-managerTests/Info.plist";
				LD_RUNPATH_SEARCH_PATHS = (
					"$(inherited)",
					"@executable_path/../Frameworks",
					"@loader_path/../Frameworks",
				);
				MACOSX_DEPLOYMENT_TARGET = 10.14;
				PRODUCT_BUNDLE_IDENTIFIER = "zone.nanodanger.macos-window-managerTests";
				PRODUCT_NAME = "$(TARGET_NAME)";
				SWIFT_VERSION = 5.0;
				TEST_HOST = "$(BUILT_PRODUCTS_DIR)/macos-window-manager.app/Contents/MacOS/macos-window-manager";
			};
			name = Debug;
		};
		5B8FF322234B7ABF003ADFC5 /* Release */ = {
			isa = XCBuildConfiguration;
			buildSettings = {
				ALWAYS_EMBED_SWIFT_STANDARD_LIBRARIES = YES;
				BUNDLE_LOADER = "$(TEST_HOST)";
				CODE_SIGN_STYLE = Automatic;
				COMBINE_HIDPI_IMAGES = YES;
				INFOPLIST_FILE = "macos-window-managerTests/Info.plist";
				LD_RUNPATH_SEARCH_PATHS = (
					"$(inherited)",
					"@executable_path/../Frameworks",
					"@loader_path/../Frameworks",
				);
				MACOSX_DEPLOYMENT_TARGET = 10.14;
				PRODUCT_BUNDLE_IDENTIFIER = "zone.nanodanger.macos-window-managerTests";
				PRODUCT_NAME = "$(TARGET_NAME)";
				SWIFT_VERSION = 5.0;
				TEST_HOST = "$(BUILT_PRODUCTS_DIR)/macos-window-manager.app/Contents/MacOS/macos-window-manager";
			};
			name = Release;
		};
		5B8FF324234B7ABF003ADFC5 /* Debug */ = {
			isa = XCBuildConfiguration;
			buildSettings = {
				ALWAYS_EMBED_SWIFT_STANDARD_LIBRARIES = YES;
				CODE_SIGN_STYLE = Automatic;
				COMBINE_HIDPI_IMAGES = YES;
				INFOPLIST_FILE = "macos-window-managerUITests/Info.plist";
				LD_RUNPATH_SEARCH_PATHS = (
					"$(inherited)",
					"@executable_path/../Frameworks",
					"@loader_path/../Frameworks",
				);
				PRODUCT_BUNDLE_IDENTIFIER = "zone.nanodanger.macos-window-managerUITests";
				PRODUCT_NAME = "$(TARGET_NAME)";
				SWIFT_VERSION = 5.0;
				TEST_TARGET_NAME = "macos-window-manager";
			};
			name = Debug;
		};
		5B8FF325234B7ABF003ADFC5 /* Release */ = {
			isa = XCBuildConfiguration;
			buildSettings = {
				ALWAYS_EMBED_SWIFT_STANDARD_LIBRARIES = YES;
				CODE_SIGN_STYLE = Automatic;
				COMBINE_HIDPI_IMAGES = YES;
				INFOPLIST_FILE = "macos-window-managerUITests/Info.plist";
				LD_RUNPATH_SEARCH_PATHS = (
					"$(inherited)",
					"@executable_path/../Frameworks",
					"@loader_path/../Frameworks",
				);
				PRODUCT_BUNDLE_IDENTIFIER = "zone.nanodanger.macos-window-managerUITests";
				PRODUCT_NAME = "$(TARGET_NAME)";
				SWIFT_VERSION = 5.0;
				TEST_TARGET_NAME = "macos-window-manager";
			};
			name = Release;
		};
/* End XCBuildConfiguration section */

/* Begin XCConfigurationList section */
		5B8FF2F2234B7ABD003ADFC5 /* Build configuration list for PBXProject "macos-window-manager" */ = {
			isa = XCConfigurationList;
			buildConfigurations = (
				5B8FF31B234B7ABF003ADFC5 /* Debug */,
				5B8FF31C234B7ABF003ADFC5 /* Release */,
			);
			defaultConfigurationIsVisible = 0;
			defaultConfigurationName = Release;
		};
		5B8FF31D234B7ABF003ADFC5 /* Build configuration list for PBXNativeTarget "macos-window-manager" */ = {
			isa = XCConfigurationList;
			buildConfigurations = (
				5B8FF31E234B7ABF003ADFC5 /* Debug */,
				5B8FF31F234B7ABF003ADFC5 /* Release */,
			);
			defaultConfigurationIsVisible = 0;
			defaultConfigurationName = Release;
		};
		5B8FF320234B7ABF003ADFC5 /* Build configuration list for PBXNativeTarget "macos-window-managerTests" */ = {
			isa = XCConfigurationList;
			buildConfigurations = (
				5B8FF321234B7ABF003ADFC5 /* Debug */,
				5B8FF322234B7ABF003ADFC5 /* Release */,
			);
			defaultConfigurationIsVisible = 0;
			defaultConfigurationName = Release;
		};
		5B8FF323234B7ABF003ADFC5 /* Build configuration list for PBXNativeTarget "macos-window-managerUITests" */ = {
			isa = XCConfigurationList;
			buildConfigurations = (
				5B8FF324234B7ABF003ADFC5 /* Debug */,
				5B8FF325234B7ABF003ADFC5 /* Release */,
			);
			defaultConfigurationIsVisible = 0;
			defaultConfigurationName = Release;
		};
/* End XCConfigurationList section */
	};
	rootObject = 5B8FF2EF234B7ABD003ADFC5 /* Project object */;
}
